
Microsoft Visual Studio Solution File, Format Version 12.00
# Visual Studio Version 16
VisualStudioVersion = 16.0.31105.61
MinimumVisualStudioVersion = 10.0.40219.1
Project("{FAE04EC0-301F-11D3-BF4B-00C04F79EFBC}") = "SPD1", "SPD1.csproj", "{839A3BCB-C146-473A-8EAD-2C9C512FA416}"
EndProject
Global
	GlobalSection(SolutionConfigurationPlatforms) = preSolution
		Debug|Any CPU = Debug|Any CPU
		Release|Any CPU = Release|Any CPU
	EndGlobalSection
	GlobalSection(ProjectConfigurationPlatforms) = postSolution
		{839A3BCB-C146-473A-8EAD-2C9C512FA416}.Debug|Any CPU.ActiveCfg = Debug|Any CPU
		{839A3BCB-C146-473A-8EAD-2C9C512FA416}.Debug|Any CPU.Build.0 = Debug|Any CPU
		{839A3BCB-C146-473A-8EAD-2C9C512FA416}.Release|Any CPU.ActiveCfg = Release|Any CPU
		{839A3BCB-C146-473A-8EAD-2C9C512FA416}.Release|Any CPU.Build.0 = Release|Any CPU
	EndGlobalSection
	GlobalSection(SolutionProperties) = preSolution
		HideSolutionNode = FALSE
	EndGlobalSection
	GlobalSection(ExtensibilityGlobals) = postSolution
		SolutionGuid = {FA223F66-47E2-486B-A605-C586FF58E658}
	EndGlobalSection
EndGlobal
